
Microsoft Visual Studio Solution File, Format Version 12.00
# Visual Studio 15
VisualStudioVersion = 15.0.28307.645
MinimumVisualStudioVersion = 10.0.40219.1
Project("{FAE04EC0-301F-11D3-BF4B-00C04F79EFBC}") = "ExceptionHandling", "ExceptionHandling\ExceptionHandling.csproj", "{DD1CFAF6-619A-4A93-BD70-B10D5D514000}"
EndProject
Project("{FAE04EC0-301F-11D3-BF4B-00C04F79EFBC}") = "EventHandling", "EventHandling\EventHandling.csproj", "{04BA48A2-2DA7-4EEF-ABCA-A2718C32793E}"
EndProject
Global
	GlobalSection(SolutionConfigurationPlatforms) = preSolution
		Debug|Any CPU = Debug|Any CPU
		Release|Any CPU = Release|Any CPU
	EndGlobalSection
	GlobalSection(ProjectConfigurationPlatforms) = postSolution
		{DD1CFAF6-619A-4A93-BD70-B10D5D514000}.Debug|Any CPU.ActiveCfg = Debug|Any CPU
		{DD1CFAF6-619A-4A93-BD70-B10D5D514000}.Debug|Any CPU.Build.0 = Debug|Any CPU
		{DD1CFAF6-619A-4A93-BD70-B10D5D514000}.Release|Any CPU.ActiveCfg = Release|Any CPU
		{DD1CFAF6-619A-4A93-BD70-B10D5D514000}.Release|Any CPU.Build.0 = Release|Any CPU
		{04BA48A2-2DA7-4EEF-ABCA-A2718C32793E}.Debug|Any CPU.ActiveCfg = Debug|Any CPU
		{04BA48A2-2DA7-4EEF-ABCA-A2718C32793E}.Debug|Any CPU.Build.0 = Debug|Any CPU
		{04BA48A2-2DA7-4EEF-ABCA-A2718C32793E}.Release|Any CPU.ActiveCfg = Release|Any CPU
		{04BA48A2-2DA7-4EEF-ABCA-A2718C32793E}.Release|Any CPU.Build.0 = Release|Any CPU
	EndGlobalSection
	GlobalSection(SolutionProperties) = preSolution
		HideSolutionNode = FALSE
	EndGlobalSection
	GlobalSection(ExtensibilityGlobals) = postSolution
		SolutionGuid = {49E939CD-D1D6-409A-81BF-E4B1AC93BD10}
	EndGlobalSection
EndGlobal
