
Microsoft Visual Studio Solution File, Format Version 12.00
# Visual Studio 15
VisualStudioVersion = 15.0.28307.645
MinimumVisualStudioVersion = 10.0.40219.1
Project("{FAE04EC0-301F-11D3-BF4B-00C04F79EFBC}") = "day10", "day10\day10.csproj", "{48F59B0C-23E7-4BC4-9584-ACAE9FAB42AA}"
EndProject
Project("{FAE04EC0-301F-11D3-BF4B-00C04F79EFBC}") = "ConsoleApp1", "ConsoleApp1\ConsoleApp1.csproj", "{1FB9C9B1-C69E-4576-8ECF-E3784B854CA3}"
EndProject
Project("{FAE04EC0-301F-11D3-BF4B-00C04F79EFBC}") = "WpfApp2", "WpfApp2\WpfApp2.csproj", "{50DF20A8-A555-4EC0-BB9F-5197B850F95B}"
EndProject
Global
	GlobalSection(SolutionConfigurationPlatforms) = preSolution
		Debug|Any CPU = Debug|Any CPU
		Release|Any CPU = Release|Any CPU
	EndGlobalSection
	GlobalSection(ProjectConfigurationPlatforms) = postSolution
		{48F59B0C-23E7-4BC4-9584-ACAE9FAB42AA}.Debug|Any CPU.ActiveCfg = Debug|Any CPU
		{48F59B0C-23E7-4BC4-9584-ACAE9FAB42AA}.Debug|Any CPU.Build.0 = Debug|Any CPU
		{48F59B0C-23E7-4BC4-9584-ACAE9FAB42AA}.Release|Any CPU.ActiveCfg = Release|Any CPU
		{48F59B0C-23E7-4BC4-9584-ACAE9FAB42AA}.Release|Any CPU.Build.0 = Release|Any CPU
		{1FB9C9B1-C69E-4576-8ECF-E3784B854CA3}.Debug|Any CPU.ActiveCfg = Debug|Any CPU
		{1FB9C9B1-C69E-4576-8ECF-E3784B854CA3}.Debug|Any CPU.Build.0 = Debug|Any CPU
		{1FB9C9B1-C69E-4576-8ECF-E3784B854CA3}.Release|Any CPU.ActiveCfg = Release|Any CPU
		{1FB9C9B1-C69E-4576-8ECF-E3784B854CA3}.Release|Any CPU.Build.0 = Release|Any CPU
		{50DF20A8-A555-4EC0-BB9F-5197B850F95B}.Debug|Any CPU.ActiveCfg = Debug|Any CPU
		{50DF20A8-A555-4EC0-BB9F-5197B850F95B}.Debug|Any CPU.Build.0 = Debug|Any CPU
		{50DF20A8-A555-4EC0-BB9F-5197B850F95B}.Release|Any CPU.ActiveCfg = Release|Any CPU
		{50DF20A8-A555-4EC0-BB9F-5197B850F95B}.Release|Any CPU.Build.0 = Release|Any CPU
	EndGlobalSection
	GlobalSection(SolutionProperties) = preSolution
		HideSolutionNode = FALSE
	EndGlobalSection
	GlobalSection(ExtensibilityGlobals) = postSolution
		SolutionGuid = {100E71F0-C85F-4CEC-A46C-89C1359A20FE}
	EndGlobalSection
EndGlobal
