
Microsoft Visual Studio Solution File, Format Version 12.00
# Visual Studio 15
VisualStudioVersion = 15.0.28307.645
MinimumVisualStudioVersion = 10.0.40219.1
Project("{FAE04EC0-301F-11D3-BF4B-00C04F79EFBC}") = "inheritance", "inheritance\inheritance.csproj", "{B4D53128-2BBB-48DE-8E1C-F56B1861A5C6}"
EndProject
Project("{FAE04EC0-301F-11D3-BF4B-00C04F79EFBC}") = "accessspec", "accessspec\accessspec.csproj", "{C32C668A-77B6-4087-ACD2-BB292E03FC02}"
EndProject
Global
	GlobalSection(SolutionConfigurationPlatforms) = preSolution
		Debug|Any CPU = Debug|Any CPU
		Release|Any CPU = Release|Any CPU
	EndGlobalSection
	GlobalSection(ProjectConfigurationPlatforms) = postSolution
		{B4D53128-2BBB-48DE-8E1C-F56B1861A5C6}.Debug|Any CPU.ActiveCfg = Debug|Any CPU
		{B4D53128-2BBB-48DE-8E1C-F56B1861A5C6}.Debug|Any CPU.Build.0 = Debug|Any CPU
		{B4D53128-2BBB-48DE-8E1C-F56B1861A5C6}.Release|Any CPU.ActiveCfg = Release|Any CPU
		{B4D53128-2BBB-48DE-8E1C-F56B1861A5C6}.Release|Any CPU.Build.0 = Release|Any CPU
		{C32C668A-77B6-4087-ACD2-BB292E03FC02}.Debug|Any CPU.ActiveCfg = Debug|Any CPU
		{C32C668A-77B6-4087-ACD2-BB292E03FC02}.Debug|Any CPU.Build.0 = Debug|Any CPU
		{C32C668A-77B6-4087-ACD2-BB292E03FC02}.Release|Any CPU.ActiveCfg = Release|Any CPU
		{C32C668A-77B6-4087-ACD2-BB292E03FC02}.Release|Any CPU.Build.0 = Release|Any CPU
	EndGlobalSection
	GlobalSection(SolutionProperties) = preSolution
		HideSolutionNode = FALSE
	EndGlobalSection
	GlobalSection(ExtensibilityGlobals) = postSolution
		SolutionGuid = {E9D8395A-B72A-4BC2-B1EB-7AE8F098E290}
	EndGlobalSection
EndGlobal
